
Microsoft Visual Studio Solution File, Format Version 12.00
# Visual Studio Version 16
VisualStudioVersion = 16.0.810.25
MinimumVisualStudioVersion = 10.0.40219.1
Project("{FAE04EC0-301F-11D3-BF4B-00C04F79EFBC}") = "1TwoSum", "1TwoSum\1TwoSum.csproj", "{8A05C1D0-73C4-4CA4-94BB-94E28278C107}"
EndProject
Global
	GlobalSection(SolutionConfigurationPlatforms) = preSolution
		Debug|anycpu = Debug|anycpu
		Release|anycpu = Release|anycpu
	EndGlobalSection
	GlobalSection(ProjectConfigurationPlatforms) = postSolution
		{8A05C1D0-73C4-4CA4-94BB-94E28278C107}.Debug|anycpu.ActiveCfg = Debug|anycpu
		{8A05C1D0-73C4-4CA4-94BB-94E28278C107}.Debug|anycpu.Build.0 = Debug|anycpu
		{8A05C1D0-73C4-4CA4-94BB-94E28278C107}.Release|anycpu.ActiveCfg = Release|anycpu
		{8A05C1D0-73C4-4CA4-94BB-94E28278C107}.Release|anycpu.Build.0 = Release|anycpu
	EndGlobalSection
	GlobalSection(SolutionProperties) = preSolution
		HideSolutionNode = FALSE
	EndGlobalSection
	GlobalSection(ExtensibilityGlobals) = postSolution
		SolutionGuid = {B2E25CA0-9FCB-4EE6-8C39-1319121D2CDE}
	EndGlobalSection
EndGlobal
